
Microsoft Visual Studio Solution File, Format Version 12.00
# Visual Studio Version 17
VisualStudioVersion = 17.2.32516.85
MinimumVisualStudioVersion = 10.0.40219.1
Project("{FAE04EC0-301F-11D3-BF4B-00C04F79EFBC}") = "DesignPatterns", "DesignPatterns\DesignPatterns.csproj", "{7968EF6E-5E21-496A-804E-17B02F333985}"
EndProject
Global
	GlobalSection(SolutionConfigurationPlatforms) = preSolution
		Debug|Any CPU = Debug|Any CPU
		Release|Any CPU = Release|Any CPU
	EndGlobalSection
	GlobalSection(ProjectConfigurationPlatforms) = postSolution
		{7968EF6E-5E21-496A-804E-17B02F333985}.Debug|Any CPU.ActiveCfg = Debug|Any CPU
		{7968EF6E-5E21-496A-804E-17B02F333985}.Debug|Any CPU.Build.0 = Debug|Any CPU
		{7968EF6E-5E21-496A-804E-17B02F333985}.Release|Any CPU.ActiveCfg = Release|Any CPU
		{7968EF6E-5E21-496A-804E-17B02F333985}.Release|Any CPU.Build.0 = Release|Any CPU
	EndGlobalSection
	GlobalSection(SolutionProperties) = preSolution
		HideSolutionNode = FALSE
	EndGlobalSection
	GlobalSection(ExtensibilityGlobals) = postSolution
		SolutionGuid = {0522D9F1-47AD-4EA2-9F39-F9DF437C59F5}
	EndGlobalSection
EndGlobal
